// !$*UTF8*$!
{
	archiveVersion = 1;
	classes = {
	};
	objectVersion = 51;
	objects = {

/* Begin PBXBuildFile section */
		1BC4C39B2360187000D639F2 /* PhotoDetailsViewController.swift in Sources */ = {isa = PBXBuildFile; fileRef = 1BC4C39A2360187000D639F2 /* PhotoDetailsViewController.swift */; };
		236BCB832E7A8E06C7F97AF7 /* Pods_TumblrApp_TumblrAppUITests.framework in Frameworks */ = {isa = PBXBuildFile; fileRef = 462CFC53AAF191F3F0AF6B34 /* Pods_TumblrApp_TumblrAppUITests.framework */; };
		A77F9C76C743C23B0CD82161 /* Pods_TumblrAppTests.framework in Frameworks */ = {isa = PBXBuildFile; fileRef = 3DA73F4B69FF9902F710E163 /* Pods_TumblrAppTests.framework */; };
		B2E7BC6341BFAB995D6B5F11 /* Pods_TumblrApp.framework in Frameworks */ = {isa = PBXBuildFile; fileRef = 352B4287B20D70BCA1EAD80C /* Pods_TumblrApp.framework */; };
		B9E7B45F23524359008FC28C /* AppDelegate.swift in Sources */ = {isa = PBXBuildFile; fileRef = B9E7B45E23524359008FC28C /* AppDelegate.swift */; };
		B9E7B46423524359008FC28C /* Main.storyboard in Resources */ = {isa = PBXBuildFile; fileRef = B9E7B46223524359008FC28C /* Main.storyboard */; };
		B9E7B4662352435B008FC28C /* Assets.xcassets in Resources */ = {isa = PBXBuildFile; fileRef = B9E7B4652352435B008FC28C /* Assets.xcassets */; };
		B9E7B4692352435B008FC28C /* LaunchScreen.storyboard in Resources */ = {isa = PBXBuildFile; fileRef = B9E7B4672352435B008FC28C /* LaunchScreen.storyboard */; };
		B9E7B4742352435B008FC28C /* TumblrAppTests.swift in Sources */ = {isa = PBXBuildFile; fileRef = B9E7B4732352435B008FC28C /* TumblrAppTests.swift */; };
		B9E7B47F2352435B008FC28C /* TumblrAppUITests.swift in Sources */ = {isa = PBXBuildFile; fileRef = B9E7B47E2352435B008FC28C /* TumblrAppUITests.swift */; };
		B9E7B48F2352454D008FC28C /* PhotosViewController.swift in Sources */ = {isa = PBXBuildFile; fileRef = B9E7B48E2352454D008FC28C /* PhotosViewController.swift */; };
		B9E7B49323524CC8008FC28C /* PhotoCell.swift in Sources */ = {isa = PBXBuildFile; fileRef = B9E7B49223524CC8008FC28C /* PhotoCell.swift */; };
/* End PBXBuildFile section */

/* Begin PBXContainerItemProxy section */
		B9E7B4702352435B008FC28C /* PBXContainerItemProxy */ = {
			isa = PBXContainerItemProxy;
			containerPortal = B9E7B45323524359008FC28C /* Project object */;
			proxyType = 1;
			remoteGlobalIDString = B9E7B45A23524359008FC28C;
			remoteInfo = TumblrApp;
		};
		B9E7B47B2352435B008FC28C /* PBXContainerItemProxy */ = {
			isa = PBXContainerItemProxy;
			containerPortal = B9E7B45323524359008FC28C /* Project object */;
			proxyType = 1;
			remoteGlobalIDString = B9E7B45A23524359008FC28C;
			remoteInfo = TumblrApp;
		};
/* End PBXContainerItemProxy section */

/* Begin PBXFileReference section */
		0B19A20DA57BDEBC36FCEA7D /* Pods-TumblrAppTests.debug.xcconfig */ = {isa = PBXFileReference; includeInIndex = 1; lastKnownFileType = text.xcconfig; name = "Pods-TumblrAppTests.debug.xcconfig"; path = "Target Support Files/Pods-TumblrAppTests/Pods-TumblrAppTests.debug.xcconfig"; sourceTree = "<group>"; };
		1BC4C39A2360187000D639F2 /* PhotoDetailsViewController.swift */ = {isa = PBXFileReference; lastKnownFileType = sourcecode.swift; path = PhotoDetailsViewController.swift; sourceTree = "<group>"; };
		352B4287B20D70BCA1EAD80C /* Pods_TumblrApp.framework */ = {isa = PBXFileReference; explicitFileType = wrapper.framework; includeInIndex = 0; path = Pods_TumblrApp.framework; sourceTree = BUILT_PRODUCTS_DIR; };
		3DA73F4B69FF9902F710E163 /* Pods_TumblrAppTests.framework */ = {isa = PBXFileReference; explicitFileType = wrapper.framework; includeInIndex = 0; path = Pods_TumblrAppTests.framework; sourceTree = BUILT_PRODUCTS_DIR; };
		462CFC53AAF191F3F0AF6B34 /* Pods_TumblrApp_TumblrAppUITests.framework */ = {isa = PBXFileReference; explicitFileType = wrapper.framework; includeInIndex = 0; path = Pods_TumblrApp_TumblrAppUITests.framework; sourceTree = BUILT_PRODUCTS_DIR; };
		49DBF0BE0DA2582B1C9E7FD5 /* Pods-TumblrApp-TumblrAppUITests.release.xcconfig */ = {isa = PBXFileReference; includeInIndex = 1; lastKnownFileType = text.xcconfig; name = "Pods-TumblrApp-TumblrAppUITests.release.xcconfig"; path = "Target Support Files/Pods-TumblrApp-TumblrAppUITests/Pods-TumblrApp-TumblrAppUITests.release.xcconfig"; sourceTree = "<group>"; };
		67A683BBED20317CAAEA4EF5 /* Pods-TumblrApp.release.xcconfig */ = {isa = PBXFileReference; includeInIndex = 1; lastKnownFileType = text.xcconfig; name = "Pods-TumblrApp.release.xcconfig"; path = "Target Support Files/Pods-TumblrApp/Pods-TumblrApp.release.xcconfig"; sourceTree = "<group>"; };
		6EBD16415362A45C2E79DF1B /* Pods-TumblrApp.debug.xcconfig */ = {isa = PBXFileReference; includeInIndex = 1; lastKnownFileType = text.xcconfig; name = "Pods-TumblrApp.debug.xcconfig"; path = "Target Support Files/Pods-TumblrApp/Pods-TumblrApp.debug.xcconfig"; sourceTree = "<group>"; };
		8CFFDA327CAB9D6C956981AD /* Pods-TumblrApp-TumblrAppUITests.debug.xcconfig */ = {isa = PBXFileReference; includeInIndex = 1; lastKnownFileType = text.xcconfig; name = "Pods-TumblrApp-TumblrAppUITests.debug.xcconfig"; path = "Target Support Files/Pods-TumblrApp-TumblrAppUITests/Pods-TumblrApp-TumblrAppUITests.debug.xcconfig"; sourceTree = "<group>"; };
		B9E7B45B23524359008FC28C /* TumblrApp.app */ = {isa = PBXFileReference; explicitFileType = wrapper.application; includeInIndex = 0; path = TumblrApp.app; sourceTree = BUILT_PRODUCTS_DIR; };
		B9E7B45E23524359008FC28C /* AppDelegate.swift */ = {isa = PBXFileReference; lastKnownFileType = sourcecode.swift; path = AppDelegate.swift; sourceTree = "<group>"; };
		B9E7B46323524359008FC28C /* Base */ = {isa = PBXFileReference; lastKnownFileType = file.storyboard; name = Base; path = Base.lproj/Main.storyboard; sourceTree = "<group>"; };
		B9E7B4652352435B008FC28C /* Assets.xcassets */ = {isa = PBXFileReference; lastKnownFileType = folder.assetcatalog; path = Assets.xcassets; sourceTree = "<group>"; };
		B9E7B4682352435B008FC28C /* Base */ = {isa = PBXFileReference; lastKnownFileType = file.storyboard; name = Base; path = Base.lproj/LaunchScreen.storyboard; sourceTree = "<group>"; };
		B9E7B46A2352435B008FC28C /* Info.plist */ = {isa = PBXFileReference; lastKnownFileType = text.plist.xml; path = Info.plist; sourceTree = "<group>"; };
		B9E7B46F2352435B008FC28C /* TumblrAppTests.xctest */ = {isa = PBXFileReference; explicitFileType = wrapper.cfbundle; includeInIndex = 0; path = TumblrAppTests.xctest; sourceTree = BUILT_PRODUCTS_DIR; };
		B9E7B4732352435B008FC28C /* TumblrAppTests.swift */ = {isa = PBXFileReference; lastKnownFileType = sourcecode.swift; path = TumblrAppTests.swift; sourceTree = "<group>"; };
		B9E7B4752352435B008FC28C /* Info.plist */ = {isa = PBXFileReference; lastKnownFileType = text.plist.xml; path = Info.plist; sourceTree = "<group>"; };
		B9E7B47A2352435B008FC28C /* TumblrAppUITests.xctest */ = {isa = PBXFileReference; explicitFileType = wrapper.cfbundle; includeInIndex = 0; path = TumblrAppUITests.xctest; sourceTree = BUILT_PRODUCTS_DIR; };
		B9E7B47E2352435B008FC28C /* TumblrAppUITests.swift */ = {isa = PBXFileReference; lastKnownFileType = sourcecode.swift; path = TumblrAppUITests.swift; sourceTree = "<group>"; };
		B9E7B4802352435B008FC28C /* Info.plist */ = {isa = PBXFileReference; lastKnownFileType = text.plist.xml; path = Info.plist; sourceTree = "<group>"; };
		B9E7B48E2352454D008FC28C /* PhotosViewController.swift */ = {isa = PBXFileReference; lastKnownFileType = sourcecode.swift; path = PhotosViewController.swift; sourceTree = "<group>"; };
		B9E7B49223524CC8008FC28C /* PhotoCell.swift */ = {isa = PBXFileReference; lastKnownFileType = sourcecode.swift; path = PhotoCell.swift; sourceTree = "<group>"; };
		DFBA5579ECE3A74394CA1A49 /* Pods-TumblrAppTests.release.xcconfig */ = {isa = PBXFileReference; includeInIndex = 1; lastKnownFileType = text.xcconfig; name = "Pods-TumblrAppTests.release.xcconfig"; path = "Target Support Files/Pods-TumblrAppTests/Pods-TumblrAppTests.release.xcconfig"; sourceTree = "<group>"; };
/* End PBXFileReference section */

/* Begin PBXFrameworksBuildPhase section */
		B9E7B45823524359008FC28C /* Frameworks */ = {
			isa = PBXFrameworksBuildPhase;
			buildActionMask = 2147483647;
			files = (
				B2E7BC6341BFAB995D6B5F11 /* Pods_TumblrApp.framework in Frameworks */,
			);
			runOnlyForDeploymentPostprocessing = 0;
		};
		B9E7B46C2352435B008FC28C /* Frameworks */ = {
			isa = PBXFrameworksBuildPhase;
			buildActionMask = 2147483647;
			files = (
				A77F9C76C743C23B0CD82161 /* Pods_TumblrAppTests.framework in Frameworks */,
			);
			runOnlyForDeploymentPostprocessing = 0;
		};
		B9E7B4772352435B008FC28C /* Frameworks */ = {
			isa = PBXFrameworksBuildPhase;
			buildActionMask = 2147483647;
			files = (
				236BCB832E7A8E06C7F97AF7 /* Pods_TumblrApp_TumblrAppUITests.framework in Frameworks */,
			);
			runOnlyForDeploymentPostprocessing = 0;
		};
/* End PBXFrameworksBuildPhase section */

/* Begin PBXGroup section */
		482F1A669BD2DA7D7F7341C5 /* Frameworks */ = {
			isa = PBXGroup;
			children = (
				352B4287B20D70BCA1EAD80C /* Pods_TumblrApp.framework */,
				462CFC53AAF191F3F0AF6B34 /* Pods_TumblrApp_TumblrAppUITests.framework */,
				3DA73F4B69FF9902F710E163 /* Pods_TumblrAppTests.framework */,
			);
			name = Frameworks;
			sourceTree = "<group>";
		};
		B9E7B45223524359008FC28C = {
			isa = PBXGroup;
			children = (
				B9E7B45D23524359008FC28C /* TumblrApp */,
				B9E7B4722352435B008FC28C /* TumblrAppTests */,
				B9E7B47D2352435B008FC28C /* TumblrAppUITests */,
				B9E7B45C23524359008FC28C /* Products */,
				F62140F0F373DDB4667D6761 /* Pods */,
				482F1A669BD2DA7D7F7341C5 /* Frameworks */,
			);
			sourceTree = "<group>";
		};
		B9E7B45C23524359008FC28C /* Products */ = {
			isa = PBXGroup;
			children = (
				B9E7B45B23524359008FC28C /* TumblrApp.app */,
				B9E7B46F2352435B008FC28C /* TumblrAppTests.xctest */,
				B9E7B47A2352435B008FC28C /* TumblrAppUITests.xctest */,
			);
			name = Products;
			sourceTree = "<group>";
		};
		B9E7B45D23524359008FC28C /* TumblrApp */ = {
			isa = PBXGroup;
			children = (
				B9E7B45E23524359008FC28C /* AppDelegate.swift */,
				B9E7B46223524359008FC28C /* Main.storyboard */,
				1BC4C39A2360187000D639F2 /* PhotoDetailsViewController.swift */,
				B9E7B4652352435B008FC28C /* Assets.xcassets */,
				B9E7B4672352435B008FC28C /* LaunchScreen.storyboard */,
				B9E7B46A2352435B008FC28C /* Info.plist */,
				B9E7B48E2352454D008FC28C /* PhotosViewController.swift */,
				B9E7B49223524CC8008FC28C /* PhotoCell.swift */,
			);
			path = TumblrApp;
			sourceTree = "<group>";
		};
		B9E7B4722352435B008FC28C /* TumblrAppTests */ = {
			isa = PBXGroup;
			children = (
				B9E7B4732352435B008FC28C /* TumblrAppTests.swift */,
				B9E7B4752352435B008FC28C /* Info.plist */,
			);
			path = TumblrAppTests;
			sourceTree = "<group>";
		};
		B9E7B47D2352435B008FC28C /* TumblrAppUITests */ = {
			isa = PBXGroup;
			children = (
				B9E7B47E2352435B008FC28C /* TumblrAppUITests.swift */,
				B9E7B4802352435B008FC28C /* Info.plist */,
			);
			path = TumblrAppUITests;
			sourceTree = "<group>";
		};
		F62140F0F373DDB4667D6761 /* Pods */ = {
			isa = PBXGroup;
			children = (
				6EBD16415362A45C2E79DF1B /* Pods-TumblrApp.debug.xcconfig */,
				67A683BBED20317CAAEA4EF5 /* Pods-TumblrApp.release.xcconfig */,
				8CFFDA327CAB9D6C956981AD /* Pods-TumblrApp-TumblrAppUITests.debug.xcconfig */,
				49DBF0BE0DA2582B1C9E7FD5 /* Pods-TumblrApp-TumblrAppUITests.release.xcconfig */,
				0B19A20DA57BDEBC36FCEA7D /* Pods-TumblrAppTests.debug.xcconfig */,
				DFBA5579ECE3A74394CA1A49 /* Pods-TumblrAppTests.release.xcconfig */,
			);
			path = Pods;
			sourceTree = "<group>";
		};
/* End PBXGroup section */

/* Begin PBXNativeTarget section */
		B9E7B45A23524359008FC28C /* TumblrApp */ = {
			isa = PBXNativeTarget;
			buildConfigurationList = B9E7B4832352435B008FC28C /* Build configuration list for PBXNativeTarget "TumblrApp" */;
			buildPhases = (
				99899FE3261CFC21B6C7E735 /* [CP] Check Pods Manifest.lock */,
				B9E7B45723524359008FC28C /* Sources */,
				B9E7B45823524359008FC28C /* Frameworks */,
				B9E7B45923524359008FC28C /* Resources */,
				F2BAF085B4E9A959B7B41B7E /* [CP] Embed Pods Frameworks */,
			);
			buildRules = (
			);
			dependencies = (
			);
			name = TumblrApp;
			productName = TumblrApp;
			productReference = B9E7B45B23524359008FC28C /* TumblrApp.app */;
			productType = "com.apple.product-type.application";
		};
		B9E7B46E2352435B008FC28C /* TumblrAppTests */ = {
			isa = PBXNativeTarget;
			buildConfigurationList = B9E7B4862352435B008FC28C /* Build configuration list for PBXNativeTarget "TumblrAppTests" */;
			buildPhases = (
				141445A716B66468CEDA8F41 /* [CP] Check Pods Manifest.lock */,
				B9E7B46B2352435B008FC28C /* Sources */,
				B9E7B46C2352435B008FC28C /* Frameworks */,
				B9E7B46D2352435B008FC28C /* Resources */,
			);
			buildRules = (
			);
			dependencies = (
				B9E7B4712352435B008FC28C /* PBXTargetDependency */,
			);
			name = TumblrAppTests;
			productName = TumblrAppTests;
			productReference = B9E7B46F2352435B008FC28C /* TumblrAppTests.xctest */;
			productType = "com.apple.product-type.bundle.unit-test";
		};
		B9E7B4792352435B008FC28C /* TumblrAppUITests */ = {
			isa = PBXNativeTarget;
			buildConfigurationList = B9E7B4892352435B008FC28C /* Build configuration list for PBXNativeTarget "TumblrAppUITests" */;
			buildPhases = (
				D4D1D0DE0AA833503127256D /* [CP] Check Pods Manifest.lock */,
				B9E7B4762352435B008FC28C /* Sources */,
				B9E7B4772352435B008FC28C /* Frameworks */,
				B9E7B4782352435B008FC28C /* Resources */,
				B1AC65148E0722742E4C2E70 /* [CP] Embed Pods Frameworks */,
			);
			buildRules = (
			);
			dependencies = (
				B9E7B47C2352435B008FC28C /* PBXTargetDependency */,
			);
			name = TumblrAppUITests;
			productName = TumblrAppUITests;
			productReference = B9E7B47A2352435B008FC28C /* TumblrAppUITests.xctest */;
			productType = "com.apple.product-type.bundle.ui-testing";
		};
/* End PBXNativeTarget section */

/* Begin PBXProject section */
		B9E7B45323524359008FC28C /* Project object */ = {
			isa = PBXProject;
			attributes = {
				LastSwiftUpdateCheck = 1020;
				LastUpgradeCheck = 1020;
				ORGANIZATIONNAME = iettle;
				TargetAttributes = {
					B9E7B45A23524359008FC28C = {
						CreatedOnToolsVersion = 10.2.1;
					};
					B9E7B46E2352435B008FC28C = {
						CreatedOnToolsVersion = 10.2.1;
						TestTargetID = B9E7B45A23524359008FC28C;
					};
					B9E7B4792352435B008FC28C = {
						CreatedOnToolsVersion = 10.2.1;
						TestTargetID = B9E7B45A23524359008FC28C;
					};
				};
			};
			buildConfigurationList = B9E7B45623524359008FC28C /* Build configuration list for PBXProject "TumblrApp" */;
			compatibilityVersion = "Xcode 9.3";
			developmentRegion = en;
			hasScannedForEncodings = 0;
			knownRegions = (
				en,
				Base,
			);
			mainGroup = B9E7B45223524359008FC28C;
			productRefGroup = B9E7B45C23524359008FC28C /* Products */;
			projectDirPath = "";
			projectRoot = "";
			targets = (
				B9E7B45A23524359008FC28C /* TumblrApp */,
				B9E7B46E2352435B008FC28C /* TumblrAppTests */,
				B9E7B4792352435B008FC28C /* TumblrAppUITests */,
			);
		};
/* End PBXProject section */

/* Begin PBXResourcesBuildPhase section */
		B9E7B45923524359008FC28C /* Resources */ = {
			isa = PBXResourcesBuildPhase;
			buildActionMask = 2147483647;
			files = (
				B9E7B4692352435B008FC28C /* LaunchScreen.storyboard in Resources */,
				B9E7B4662352435B008FC28C /* Assets.xcassets in Resources */,
				B9E7B46423524359008FC28C /* Main.storyboard in Resources */,
			);
			runOnlyForDeploymentPostprocessing = 0;
		};
		B9E7B46D2352435B008FC28C /* Resources */ = {
			isa = PBXResourcesBuildPhase;
			buildActionMask = 2147483647;
			files = (
			);
			runOnlyForDeploymentPostprocessing = 0;
		};
		B9E7B4782352435B008FC28C /* Resources */ = {
			isa = PBXResourcesBuildPhase;
			buildActionMask = 2147483647;
			files = (
			);
			runOnlyForDeploymentPostprocessing = 0;
		};
/* End PBXResourcesBuildPhase section */

/* Begin PBXShellScriptBuildPhase section */
		141445A716B66468CEDA8F41 /* [CP] Check Pods Manifest.lock */ = {
			isa = PBXShellScriptBuildPhase;
			buildActionMask = 2147483647;
			files = (
			);
			inputFileListPaths = (
			);
			inputPaths = (
				"${PODS_PODFILE_DIR_PATH}/Podfile.lock",
				"${PODS_ROOT}/Manifest.lock",
			);
			name = "[CP] Check Pods Manifest.lock";
			outputFileListPaths = (
			);
			outputPaths = (
				"$(DERIVED_FILE_DIR)/Pods-TumblrAppTests-checkManifestLockResult.txt",
			);
			runOnlyForDeploymentPostprocessing = 0;
			shellPath = /bin/sh;
			shellScript = "diff \"${PODS_PODFILE_DIR_PATH}/Podfile.lock\" \"${PODS_ROOT}/Manifest.lock\" > /dev/null\nif [ $? != 0 ] ; then\n    # print error to STDERR\n    echo \"error: The sandbox is not in sync with the Podfile.lock. Run 'pod install' or update your CocoaPods installation.\" >&2\n    exit 1\nfi\n# This output is used by Xcode 'outputs' to avoid re-running this script phase.\necho \"SUCCESS\" > \"${SCRIPT_OUTPUT_FILE_0}\"\n";
			showEnvVarsInLog = 0;
		};
		99899FE3261CFC21B6C7E735 /* [CP] Check Pods Manifest.lock */ = {
			isa = PBXShellScriptBuildPhase;
			buildActionMask = 2147483647;
			files = (
			);
			inputFileListPaths = (
			);
			inputPaths = (
				"${PODS_PODFILE_DIR_PATH}/Podfile.lock",
				"${PODS_ROOT}/Manifest.lock",
			);
			name = "[CP] Check Pods Manifest.lock";
			outputFileListPaths = (
			);
			outputPaths = (
				"$(DERIVED_FILE_DIR)/Pods-TumblrApp-checkManifestLockResult.txt",
			);
			runOnlyForDeploymentPostprocessing = 0;
			shellPath = /bin/sh;
			shellScript = "diff \"${PODS_PODFILE_DIR_PATH}/Podfile.lock\" \"${PODS_ROOT}/Manifest.lock\" > /dev/null\nif [ $? != 0 ] ; then\n    # print error to STDERR\n    echo \"error: The sandbox is not in sync with the Podfile.lock. Run 'pod install' or update your CocoaPods installation.\" >&2\n    exit 1\nfi\n# This output is used by Xcode 'outputs' to avoid re-running this script phase.\necho \"SUCCESS\" > \"${SCRIPT_OUTPUT_FILE_0}\"\n";
			showEnvVarsInLog = 0;
		};
		B1AC65148E0722742E4C2E70 /* [CP] Embed Pods Frameworks */ = {
			isa = PBXShellScriptBuildPhase;
			buildActionMask = 2147483647;
			files = (
			);
			inputFileListPaths = (
				"${PODS_ROOT}/Target Support Files/Pods-TumblrApp-TumblrAppUITests/Pods-TumblrApp-TumblrAppUITests-frameworks-${CONFIGURATION}-input-files.xcfilelist",
			);
			name = "[CP] Embed Pods Frameworks";
			outputFileListPaths = (
				"${PODS_ROOT}/Target Support Files/Pods-TumblrApp-TumblrAppUITests/Pods-TumblrApp-TumblrAppUITests-frameworks-${CONFIGURATION}-output-files.xcfilelist",
			);
			runOnlyForDeploymentPostprocessing = 0;
			shellPath = /bin/sh;
			shellScript = "\"${PODS_ROOT}/Target Support Files/Pods-TumblrApp-TumblrAppUITests/Pods-TumblrApp-TumblrAppUITests-frameworks.sh\"\n";
			showEnvVarsInLog = 0;
		};
		D4D1D0DE0AA833503127256D /* [CP] Check Pods Manifest.lock */ = {
			isa = PBXShellScriptBuildPhase;
			buildActionMask = 2147483647;
			files = (
			);
			inputFileListPaths = (
			);
			inputPaths = (
				"${PODS_PODFILE_DIR_PATH}/Podfile.lock",
				"${PODS_ROOT}/Manifest.lock",
			);
			name = "[CP] Check Pods Manifest.lock";
			outputFileListPaths = (
			);
			outputPaths = (
				"$(DERIVED_FILE_DIR)/Pods-TumblrApp-TumblrAppUITests-checkManifestLockResult.txt",
			);
			runOnlyForDeploymentPostprocessing = 0;
			shellPath = /bin/sh;
			shellScript = "diff \"${PODS_PODFILE_DIR_PATH}/Podfile.lock\" \"${PODS_ROOT}/Manifest.lock\" > /dev/null\nif [ $? != 0 ] ; then\n    # print error to STDERR\n    echo \"error: The sandbox is not in sync with the Podfile.lock. Run 'pod install' or update your CocoaPods installation.\" >&2\n    exit 1\nfi\n# This output is used by Xcode 'outputs' to avoid re-running this script phase.\necho \"SUCCESS\" > \"${SCRIPT_OUTPUT_FILE_0}\"\n";
			showEnvVarsInLog = 0;
		};
		F2BAF085B4E9A959B7B41B7E /* [CP] Embed Pods Frameworks */ = {
			isa = PBXShellScriptBuildPhase;
			buildActionMask = 2147483647;
			files = (
			);
			inputFileListPaths = (
				"${PODS_ROOT}/Target Support Files/Pods-TumblrApp/Pods-TumblrApp-frameworks-${CONFIGURATION}-input-files.xcfilelist",
			);
			name = "[CP] Embed Pods Frameworks";
			outputFileListPaths = (
				"${PODS_ROOT}/Target Support Files/Pods-TumblrApp/Pods-TumblrApp-frameworks-${CONFIGURATION}-output-files.xcfilelist",
			);
			runOnlyForDeploymentPostprocessing = 0;
			shellPath = /bin/sh;
			shellScript = "\"${PODS_ROOT}/Target Support Files/Pods-TumblrApp/Pods-TumblrApp-frameworks.sh\"\n";
			showEnvVarsInLog = 0;
		};
/* End PBXShellScriptBuildPhase section */

/* Begin PBXSourcesBuildPhase section */
		B9E7B45723524359008FC28C /* Sources */ = {
			isa = PBXSourcesBuildPhase;
			buildActionMask = 2147483647;
			files = (
				1BC4C39B2360187000D639F2 /* PhotoDetailsViewController.swift in Sources */,
				B9E7B45F23524359008FC28C /* AppDelegate.swift in Sources */,
				B9E7B49323524CC8008FC28C /* PhotoCell.swift in Sources */,
				B9E7B48F2352454D008FC28C /* PhotosViewController.swift in Sources */,
			);
			runOnlyForDeploymentPostprocessing = 0;
		};
		B9E7B46B2352435B008FC28C /* Sources */ = {
			isa = PBXSourcesBuildPhase;
			buildActionMask = 2147483647;
			files = (
				B9E7B4742352435B008FC28C /* TumblrAppTests.swift in Sources */,
			);
			runOnlyForDeploymentPostprocessing = 0;
		};
		B9E7B4762352435B008FC28C /* Sources */ = {
			isa = PBXSourcesBuildPhase;
			buildActionMask = 2147483647;
			files = (
				B9E7B47F2352435B008FC28C /* TumblrAppUITests.swift in Sources */,
			);
			runOnlyForDeploymentPostprocessing = 0;
		};
/* End PBXSourcesBuildPhase section */

/* Begin PBXTargetDependency section */
		B9E7B4712352435B008FC28C /* PBXTargetDependency */ = {
			isa = PBXTargetDependency;
			target = B9E7B45A23524359008FC28C /* TumblrApp */;
			targetProxy = B9E7B4702352435B008FC28C /* PBXContainerItemProxy */;
		};
		B9E7B47C2352435B008FC28C /* PBXTargetDependency */ = {
			isa = PBXTargetDependency;
			target = B9E7B45A23524359008FC28C /* TumblrApp */;
			targetProxy = B9E7B47B2352435B008FC28C /* PBXContainerItemProxy */;
		};
/* End PBXTargetDependency section */

/* Begin PBXVariantGroup section */
		B9E7B46223524359008FC28C /* Main.storyboard */ = {
			isa = PBXVariantGroup;
			children = (
				B9E7B46323524359008FC28C /* Base */,
			);
			name = Main.storyboard;
			sourceTree = "<group>";
		};
		B9E7B4672352435B008FC28C /* LaunchScreen.storyboard */ = {
			isa = PBXVariantGroup;
			children = (
				B9E7B4682352435B008FC28C /* Base */,
			);
			name = LaunchScreen.storyboard;
			sourceTree = "<group>";
		};
/* End PBXVariantGroup section */

/* Begin XCBuildConfiguration section */
		B9E7B4812352435B008FC28C /* Debug */ = {
			isa = XCBuildConfiguration;
			buildSettings = {
				ALWAYS_SEARCH_USER_PATHS = NO;
				CLANG_ANALYZER_NONNULL = YES;
				CLANG_ANALYZER_NUMBER_OBJECT_CONVERSION = YES_AGGRESSIVE;
				CLANG_CXX_LANGUAGE_STANDARD = "gnu++14";
				CLANG_CXX_LIBRARY = "libc++";
				CLANG_ENABLE_MODULES = YES;
				CLANG_ENABLE_OBJC_ARC = YES;
				CLANG_ENABLE_OBJC_WEAK = YES;
				CLANG_WARN_BLOCK_CAPTURE_AUTORELEASING = YES;
				CLANG_WARN_BOOL_CONVERSION = YES;
				CLANG_WARN_COMMA = YES;
				CLANG_WARN_CONSTANT_CONVERSION = YES;
				CLANG_WARN_DEPRECATED_OBJC_IMPLEMENTATIONS = YES;
				CLANG_WARN_DIRECT_OBJC_ISA_USAGE = YES_ERROR;
				CLANG_WARN_DOCUMENTATION_COMMENTS = YES;
				CLANG_WARN_EMPTY_BODY = YES;
				CLANG_WARN_ENUM_CONVERSION = YES;
				CLANG_WARN_INFINITE_RECURSION = YES;
				CLANG_WARN_INT_CONVERSION = YES;
				CLANG_WARN_NON_LITERAL_NULL_CONVERSION = YES;
				CLANG_WARN_OBJC_IMPLICIT_RETAIN_SELF = YES;
				CLANG_WARN_OBJC_LITERAL_CONVERSION = YES;
				CLANG_WARN_OBJC_ROOT_CLASS = YES_ERROR;
				CLANG_WARN_RANGE_LOOP_ANALYSIS = YES;
				CLANG_WARN_STRICT_PROTOTYPES = YES;
				CLANG_WARN_SUSPICIOUS_MOVE = YES;
				CLANG_WARN_UNGUARDED_AVAILABILITY = YES_AGGRESSIVE;
				CLANG_WARN_UNREACHABLE_CODE = YES;
				CLANG_WARN__DUPLICATE_METHOD_MATCH = YES;
				CODE_SIGN_IDENTITY = "iPhone Developer";
				COPY_PHASE_STRIP = NO;
				DEBUG_INFORMATION_FORMAT = dwarf;
				ENABLE_STRICT_OBJC_MSGSEND = YES;
				ENABLE_TESTABILITY = YES;
				GCC_C_LANGUAGE_STANDARD = gnu11;
				GCC_DYNAMIC_NO_PIC = NO;
				GCC_NO_COMMON_BLOCKS = YES;
				GCC_OPTIMIZATION_LEVEL = 0;
				GCC_PREPROCESSOR_DEFINITIONS = (
					"DEBUG=1",
					"$(inherited)",
				);
				GCC_WARN_64_TO_32_BIT_CONVERSION = YES;
				GCC_WARN_ABOUT_RETURN_TYPE = YES_ERROR;
				GCC_WARN_UNDECLARED_SELECTOR = YES;
				GCC_WARN_UNINITIALIZED_AUTOS = YES_AGGRESSIVE;
				GCC_WARN_UNUSED_FUNCTION = YES;
				GCC_WARN_UNUSED_VARIABLE = YES;
				IPHONEOS_DEPLOYMENT_TARGET = 12.2;
				MTL_ENABLE_DEBUG_INFO = INCLUDE_SOURCE;
				MTL_FAST_MATH = YES;
				ONLY_ACTIVE_ARCH = YES;
				SDKROOT = iphoneos;
				SWIFT_ACTIVE_COMPILATION_CONDITIONS = DEBUG;
				SWIFT_OPTIMIZATION_LEVEL = "-Onone";
			};
			name = Debug;
		};
		B9E7B4822352435B008FC28C /* Release */ = {
			isa = XCBuildConfiguration;
			buildSettings = {
				ALWAYS_SEARCH_USER_PATHS = NO;
				CLANG_ANALYZER_NONNULL = YES;
				CLANG_ANALYZER_NUMBER_OBJECT_CONVERSION = YES_AGGRESSIVE;
				CLANG_CXX_LANGUAGE_STANDARD = "gnu++14";
				CLANG_CXX_LIBRARY = "libc++";
				CLANG_ENABLE_MODULES = YES;
				CLANG_ENABLE_OBJC_ARC = YES;
				CLANG_ENABLE_OBJC_WEAK = YES;
				CLANG_WARN_BLOCK_CAPTURE_AUTORELEASING = YES;
				CLANG_WARN_BOOL_CONVERSION = YES;
				CLANG_WARN_COMMA = YES;
				CLANG_WARN_CONSTANT_CONVERSION = YES;
				CLANG_WARN_DEPRECATED_OBJC_IMPLEMENTATIONS = YES;
				CLANG_WARN_DIRECT_OBJC_ISA_USAGE = YES_ERROR;
				CLANG_WARN_DOCUMENTATION_COMMENTS = YES;
				CLANG_WARN_EMPTY_BODY = YES;
				CLANG_WARN_ENUM_CONVERSION = YES;
				CLANG_WARN_INFINITE_RECURSION = YES;
				CLANG_WARN_INT_CONVERSION = YES;
				CLANG_WARN_NON_LITERAL_NULL_CONVERSION = YES;
				CLANG_WARN_OBJC_IMPLICIT_RETAIN_SELF = YES;
				CLANG_WARN_OBJC_LITERAL_CONVERSION = YES;
				CLANG_WARN_OBJC_ROOT_CLASS = YES_ERROR;
				CLANG_WARN_RANGE_LOOP_ANALYSIS = YES;
				CLANG_WARN_STRICT_PROTOTYPES = YES;
				CLANG_WARN_SUSPICIOUS_MOVE = YES;
				CLANG_WARN_UNGUARDED_AVAILABILITY = YES_AGGRESSIVE;
				CLANG_WARN_UNREACHABLE_CODE = YES;
				CLANG_WARN__DUPLICATE_METHOD_MATCH = YES;
				CODE_SIGN_IDENTITY = "iPhone Developer";
				COPY_PHASE_STRIP = NO;
				DEBUG_INFORMATION_FORMAT = "dwarf-with-dsym";
				ENABLE_NS_ASSERTIONS = NO;
				ENABLE_STRICT_OBJC_MSGSEND = YES;
				GCC_C_LANGUAGE_STANDARD = gnu11;
				GCC_NO_COMMON_BLOCKS = YES;
				GCC_WARN_64_TO_32_BIT_CONVERSION = YES;
				GCC_WARN_ABOUT_RETURN_TYPE = YES_ERROR;
				GCC_WARN_UNDECLARED_SELECTOR = YES;
				GCC_WARN_UNINITIALIZED_AUTOS = YES_AGGRESSIVE;
				GCC_WARN_UNUSED_FUNCTION = YES;
				GCC_WARN_UNUSED_VARIABLE = YES;
				IPHONEOS_DEPLOYMENT_TARGET = 12.2;
				MTL_ENABLE_DEBUG_INFO = NO;
				MTL_FAST_MATH = YES;
				SDKROOT = iphoneos;
				SWIFT_COMPILATION_MODE = wholemodule;
				SWIFT_OPTIMIZATION_LEVEL = "-O";
				VALIDATE_PRODUCT = YES;
			};
			name = Release;
		};
		B9E7B4842352435B008FC28C /* Debug */ = {
			isa = XCBuildConfiguration;
			baseConfigurationReference = 6EBD16415362A45C2E79DF1B /* Pods-TumblrApp.debug.xcconfig */;
			buildSettings = {
				ASSETCATALOG_COMPILER_APPICON_NAME = AppIcon;
				CODE_SIGN_STYLE = Automatic;
				DEVELOPMENT_TEAM = ZGX839JKFQ;
				INFOPLIST_FILE = TumblrApp/Info.plist;
				LD_RUNPATH_SEARCH_PATHS = (
					"$(inherited)",
					"@executable_path/Frameworks",
				);
				PRODUCT_BUNDLE_IDENTIFIER = itl.TumblrApp;
				PRODUCT_NAME = "$(TARGET_NAME)";
				SWIFT_VERSION = 5.0;
				TARGETED_DEVICE_FAMILY = "1,2";
			};
			name = Debug;
		};
		B9E7B4852352435B008FC28C /* Release */ = {
			isa = XCBuildConfiguration;
			baseConfigurationReference = 67A683BBED20317CAAEA4EF5 /* Pods-TumblrApp.release.xcconfig */;
			buildSettings = {
				ASSETCATALOG_COMPILER_APPICON_NAME = AppIcon;
				CODE_SIGN_STYLE = Automatic;
				DEVELOPMENT_TEAM = ZGX839JKFQ;
				INFOPLIST_FILE = TumblrApp/Info.plist;
				LD_RUNPATH_SEARCH_PATHS = (
					"$(inherited)",
					"@executable_path/Frameworks",
				);
				PRODUCT_BUNDLE_IDENTIFIER = itl.TumblrApp;
				PRODUCT_NAME = "$(TARGET_NAME)";
				SWIFT_VERSION = 5.0;
				TARGETED_DEVICE_FAMILY = "1,2";
			};
			name = Release;
		};
		B9E7B4872352435B008FC28C /* Debug */ = {
			isa = XCBuildConfiguration;
			baseConfigurationReference = 0B19A20DA57BDEBC36FCEA7D /* Pods-TumblrAppTests.debug.xcconfig */;
			buildSettings = {
				ALWAYS_EMBED_SWIFT_STANDARD_LIBRARIES = YES;
				BUNDLE_LOADER = "$(TEST_HOST)";
				CODE_SIGN_STYLE = Automatic;
				DEVELOPMENT_TEAM = ZGX839JKFQ;
				INFOPLIST_FILE = TumblrAppTests/Info.plist;
				LD_RUNPATH_SEARCH_PATHS = (
					"$(inherited)",
					"@executable_path/Frameworks",
					"@loader_path/Frameworks",
				);
				PRODUCT_BUNDLE_IDENTIFIER = itl.TumblrAppTests;
				PRODUCT_NAME = "$(TARGET_NAME)";
				SWIFT_VERSION = 5.0;
				TARGETED_DEVICE_FAMILY = "1,2";
				TEST_HOST = "$(BUILT_PRODUCTS_DIR)/TumblrApp.app/TumblrApp";
			};
			name = Debug;
		};
		B9E7B4882352435B008FC28C /* Release */ = {
			isa = XCBuildConfiguration;
			baseConfigurationReference = DFBA5579ECE3A74394CA1A49 /* Pods-TumblrAppTests.release.xcconfig */;
			buildSettings = {
				ALWAYS_EMBED_SWIFT_STANDARD_LIBRARIES = YES;
				BUNDLE_LOADER = "$(TEST_HOST)";
				CODE_SIGN_STYLE = Automatic;
				DEVELOPMENT_TEAM = ZGX839JKFQ;
				INFOPLIST_FILE = TumblrAppTests/Info.plist;
				LD_RUNPATH_SEARCH_PATHS = (
					"$(inherited)",
					"@executable_path/Frameworks",
					"@loader_path/Frameworks",
				);
				PRODUCT_BUNDLE_IDENTIFIER = itl.TumblrAppTests;
				PRODUCT_NAME = "$(TARGET_NAME)";
				SWIFT_VERSION = 5.0;
				TARGETED_DEVICE_FAMILY = "1,2";
				TEST_HOST = "$(BUILT_PRODUCTS_DIR)/TumblrApp.app/TumblrApp";
			};
			name = Release;
		};
		B9E7B48A2352435B008FC28C /* Debug */ = {
			isa = XCBuildConfiguration;
			baseConfigurationReference = 8CFFDA327CAB9D6C956981AD /* Pods-TumblrApp-TumblrAppUITests.debug.xcconfig */;
			buildSettings = {
				ALWAYS_EMBED_SWIFT_STANDARD_LIBRARIES = YES;
				CODE_SIGN_STYLE = Automatic;
				DEVELOPMENT_TEAM = ZGX839JKFQ;
				INFOPLIST_FILE = TumblrAppUITests/Info.plist;
				LD_RUNPATH_SEARCH_PATHS = (
					"$(inherited)",
					"@executable_path/Frameworks",
					"@loader_path/Frameworks",
				);
				PRODUCT_BUNDLE_IDENTIFIER = itl.TumblrAppUITests;
				PRODUCT_NAME = "$(TARGET_NAME)";
				SWIFT_VERSION = 5.0;
				TARGETED_DEVICE_FAMILY = "1,2";
				TEST_TARGET_NAME = TumblrApp;
			};
			name = Debug;
		};
		B9E7B48B2352435B008FC28C /* Release */ = {
			isa = XCBuildConfiguration;
			baseConfigurationReference = 49DBF0BE0DA2582B1C9E7FD5 /* Pods-TumblrApp-TumblrAppUITests.release.xcconfig */;
			buildSettings = {
				ALWAYS_EMBED_SWIFT_STANDARD_LIBRARIES = YES;
				CODE_SIGN_STYLE = Automatic;
				DEVELOPMENT_TEAM = ZGX839JKFQ;
				INFOPLIST_FILE = TumblrAppUITests/Info.plist;
				LD_RUNPATH_SEARCH_PATHS = (
					"$(inherited)",
					"@executable_path/Frameworks",
					"@loader_path/Frameworks",
				);
				PRODUCT_BUNDLE_IDENTIFIER = itl.TumblrAppUITests;
				PRODUCT_NAME = "$(TARGET_NAME)";
				SWIFT_VERSION = 5.0;
				TARGETED_DEVICE_FAMILY = "1,2";
				TEST_TARGET_NAME = TumblrApp;
			};
			name = Release;
		};
/* End XCBuildConfiguration section */

/* Begin XCConfigurationList section */
		B9E7B45623524359008FC28C /* Build configuration list for PBXProject "TumblrApp" */ = {
			isa = XCConfigurationList;
			buildConfigurations = (
				B9E7B4812352435B008FC28C /* Debug */,
				B9E7B4822352435B008FC28C /* Release */,
			);
			defaultConfigurationIsVisible = 0;
			defaultConfigurationName = Release;
		};
		B9E7B4832352435B008FC28C /* Build configuration list for PBXNativeTarget "TumblrApp" */ = {
			isa = XCConfigurationList;
			buildConfigurations = (
				B9E7B4842352435B008FC28C /* Debug */,
				B9E7B4852352435B008FC28C /* Release */,
			);
			defaultConfigurationIsVisible = 0;
			defaultConfigurationName = Release;
		};
		B9E7B4862352435B008FC28C /* Build configuration list for PBXNativeTarget "TumblrAppTests" */ = {
			isa = XCConfigurationList;
			buildConfigurations = (
				B9E7B4872352435B008FC28C /* Debug */,
				B9E7B4882352435B008FC28C /* Release */,
			);
			defaultConfigurationIsVisible = 0;
			defaultConfigurationName = Release;
		};
		B9E7B4892352435B008FC28C /* Build configuration list for PBXNativeTarget "TumblrAppUITests" */ = {
			isa = XCConfigurationList;
			buildConfigurations = (
				B9E7B48A2352435B008FC28C /* Debug */,
				B9E7B48B2352435B008FC28C /* Release */,
			);
			defaultConfigurationIsVisible = 0;
			defaultConfigurationName = Release;
		};
/* End XCConfigurationList section */
	};
	rootObject = B9E7B45323524359008FC28C /* Project object */;
}
